// !$*UTF8*$!
{
	archiveVersion = 1;
	classes = {
	};
	objectVersion = 50;
	objects = {

/* Begin PBXBuildFile section */
		2402008E26AD96540034A512 /* NetworkingService.framework in Frameworks */ = {isa = PBXBuildFile; fileRef = 2402008D26AD96540034A512 /* NetworkingService.framework */; };
		2402008F26AD96540034A512 /* NetworkingService.framework in Embed Frameworks */ = {isa = PBXBuildFile; fileRef = 2402008D26AD96540034A512 /* NetworkingService.framework */; settings = {ATTRIBUTES = (CodeSignOnCopy, RemoveHeadersOnCopy, ); }; };
		2408F65426CAD67B00791DEF /* IMDbAppDependencies.swift in Sources */ = {isa = PBXBuildFile; fileRef = 2408F65326CAD67B00791DEF /* IMDbAppDependencies.swift */; };
		2408F65826CADBB700791DEF /* MainTabBarController.swift in Sources */ = {isa = PBXBuildFile; fileRef = 2408F65726CADBB700791DEF /* MainTabBarController.swift */; };
		2408F65D26CAE4EA00791DEF /* LoginViewController.swift in Sources */ = {isa = PBXBuildFile; fileRef = 2408F65C26CAE4EA00791DEF /* LoginViewController.swift */; };
		2408F65F26CAE4FA00791DEF /* SearchViewController.swift in Sources */ = {isa = PBXBuildFile; fileRef = 2408F65E26CAE4FA00791DEF /* SearchViewController.swift */; };
		2408F66126CAE51600791DEF /* ProfileViewController.swift in Sources */ = {isa = PBXBuildFile; fileRef = 2408F66026CAE51600791DEF /* ProfileViewController.swift */; };
		2408F66426CAF05C00791DEF /* MovieCollectionViewCell.swift in Sources */ = {isa = PBXBuildFile; fileRef = 2408F66326CAF05C00791DEF /* MovieCollectionViewCell.swift */; };
		2408F66626CAF1F900791DEF /* Extensions.swift in Sources */ = {isa = PBXBuildFile; fileRef = 2408F66526CAF1F900791DEF /* Extensions.swift */; };
		2408F66926CAF67C00791DEF /* MovieCollectionViewCellViewModel.swift in Sources */ = {isa = PBXBuildFile; fileRef = 2408F66826CAF67C00791DEF /* MovieCollectionViewCellViewModel.swift */; };
		2415826326D40F2100D11676 /* MovieDetailsViewController.swift in Sources */ = {isa = PBXBuildFile; fileRef = 2415826226D40F2100D11676 /* MovieDetailsViewController.swift */; };
		2415826726D4116B00D11676 /* MovieDetailsViewControllerViewModel.swift in Sources */ = {isa = PBXBuildFile; fileRef = 2415826626D4116B00D11676 /* MovieDetailsViewControllerViewModel.swift */; };
		2415826A26D4184600D11676 /* Routing.swift in Sources */ = {isa = PBXBuildFile; fileRef = 2415826926D4184600D11676 /* Routing.swift */; };
		2415826C26D41BE700D11676 /* HomeViewRouter.swift in Sources */ = {isa = PBXBuildFile; fileRef = 2415826B26D41BE700D11676 /* HomeViewRouter.swift */; };
		2415826E26D41F2000D11676 /* SearchViewRouter.swift in Sources */ = {isa = PBXBuildFile; fileRef = 2415826D26D41F2000D11676 /* SearchViewRouter.swift */; };
		2415827026D41F5F00D11676 /* ProfileViewRouter.swift in Sources */ = {isa = PBXBuildFile; fileRef = 2415826F26D41F5F00D11676 /* ProfileViewRouter.swift */; };
		2415827226D42BC600D11676 /* TitleHeaderCollectionReusableView.swift in Sources */ = {isa = PBXBuildFile; fileRef = 2415827126D42BC600D11676 /* TitleHeaderCollectionReusableView.swift */; };
		2422BD6426AF34AF001417F4 /* IMDbApiModule.framework in Frameworks */ = {isa = PBXBuildFile; fileRef = 2422BD6326AF34AF001417F4 /* IMDbApiModule.framework */; };
		2422BD6526AF34AF001417F4 /* IMDbApiModule.framework in Embed Frameworks */ = {isa = PBXBuildFile; fileRef = 2422BD6326AF34AF001417F4 /* IMDbApiModule.framework */; settings = {ATTRIBUTES = (CodeSignOnCopy, RemoveHeadersOnCopy, ); }; };
		2422BD6726AF3921001417F4 /* FakeIMDbManager.swift in Sources */ = {isa = PBXBuildFile; fileRef = 2422BD6626AF3921001417F4 /* FakeIMDbManager.swift */; };
		24FDD2D326AC491D007CE4FD /* AppDelegate.swift in Sources */ = {isa = PBXBuildFile; fileRef = 24FDD2D226AC491D007CE4FD /* AppDelegate.swift */; };
		24FDD2D526AC491D007CE4FD /* SceneDelegate.swift in Sources */ = {isa = PBXBuildFile; fileRef = 24FDD2D426AC491D007CE4FD /* SceneDelegate.swift */; };
		24FDD2D726AC491D007CE4FD /* HomeViewController.swift in Sources */ = {isa = PBXBuildFile; fileRef = 24FDD2D626AC491D007CE4FD /* HomeViewController.swift */; };
		24FDD2DC26AC491E007CE4FD /* Assets.xcassets in Resources */ = {isa = PBXBuildFile; fileRef = 24FDD2DB26AC491E007CE4FD /* Assets.xcassets */; };
		24FDD2DF26AC491E007CE4FD /* LaunchScreen.storyboard in Resources */ = {isa = PBXBuildFile; fileRef = 24FDD2DD26AC491E007CE4FD /* LaunchScreen.storyboard */; };
		24FDD2EA26AC491F007CE4FD /* SideProjectIMDbAppTests.swift in Sources */ = {isa = PBXBuildFile; fileRef = 24FDD2E926AC491F007CE4FD /* SideProjectIMDbAppTests.swift */; };
		24FDD2F526AC491F007CE4FD /* SideProjectIMDbAppUITests.swift in Sources */ = {isa = PBXBuildFile; fileRef = 24FDD2F426AC491F007CE4FD /* SideProjectIMDbAppUITests.swift */; };
		5289AE2726CD68D6003E1EC6 /* HomeViewControllerViewModel.swift in Sources */ = {isa = PBXBuildFile; fileRef = 5289AE2626CD68D6003E1EC6 /* HomeViewControllerViewModel.swift */; };
/* End PBXBuildFile section */

/* Begin PBXContainerItemProxy section */
		24FDD2E626AC491F007CE4FD /* PBXContainerItemProxy */ = {
			isa = PBXContainerItemProxy;
			containerPortal = 24FDD2C726AC491D007CE4FD /* Project object */;
			proxyType = 1;
			remoteGlobalIDString = 24FDD2CE26AC491D007CE4FD;
			remoteInfo = SideProjectIMDbApp;
		};
		24FDD2F126AC491F007CE4FD /* PBXContainerItemProxy */ = {
			isa = PBXContainerItemProxy;
			containerPortal = 24FDD2C726AC491D007CE4FD /* Project object */;
			proxyType = 1;
			remoteGlobalIDString = 24FDD2CE26AC491D007CE4FD;
			remoteInfo = SideProjectIMDbApp;
		};
/* End PBXContainerItemProxy section */

/* Begin PBXCopyFilesBuildPhase section */
		2402009026AD96540034A512 /* Embed Frameworks */ = {
			isa = PBXCopyFilesBuildPhase;
			buildActionMask = 2147483647;
			dstPath = "";
			dstSubfolderSpec = 10;
			files = (
				2402008F26AD96540034A512 /* NetworkingService.framework in Embed Frameworks */,
				2422BD6526AF34AF001417F4 /* IMDbApiModule.framework in Embed Frameworks */,
			);
			name = "Embed Frameworks";
			runOnlyForDeploymentPostprocessing = 0;
		};
/* End PBXCopyFilesBuildPhase section */

/* Begin PBXFileReference section */
		2402008D26AD96540034A512 /* NetworkingService.framework */ = {isa = PBXFileReference; explicitFileType = wrapper.framework; path = NetworkingService.framework; sourceTree = BUILT_PRODUCTS_DIR; };
		2408F65326CAD67B00791DEF /* IMDbAppDependencies.swift */ = {isa = PBXFileReference; lastKnownFileType = sourcecode.swift; path = IMDbAppDependencies.swift; sourceTree = "<group>"; };
		2408F65726CADBB700791DEF /* MainTabBarController.swift */ = {isa = PBXFileReference; lastKnownFileType = sourcecode.swift; path = MainTabBarController.swift; sourceTree = "<group>"; };
		2408F65C26CAE4EA00791DEF /* LoginViewController.swift */ = {isa = PBXFileReference; lastKnownFileType = sourcecode.swift; path = LoginViewController.swift; sourceTree = "<group>"; };
		2408F65E26CAE4FA00791DEF /* SearchViewController.swift */ = {isa = PBXFileReference; lastKnownFileType = sourcecode.swift; path = SearchViewController.swift; sourceTree = "<group>"; };
		2408F66026CAE51600791DEF /* ProfileViewController.swift */ = {isa = PBXFileReference; lastKnownFileType = sourcecode.swift; path = ProfileViewController.swift; sourceTree = "<group>"; };
		2408F66326CAF05C00791DEF /* MovieCollectionViewCell.swift */ = {isa = PBXFileReference; lastKnownFileType = sourcecode.swift; path = MovieCollectionViewCell.swift; sourceTree = "<group>"; };
		2408F66526CAF1F900791DEF /* Extensions.swift */ = {isa = PBXFileReference; lastKnownFileType = sourcecode.swift; path = Extensions.swift; sourceTree = "<group>"; };
		2408F66826CAF67C00791DEF /* MovieCollectionViewCellViewModel.swift */ = {isa = PBXFileReference; lastKnownFileType = sourcecode.swift; path = MovieCollectionViewCellViewModel.swift; sourceTree = "<group>"; };
		2415826226D40F2100D11676 /* MovieDetailsViewController.swift */ = {isa = PBXFileReference; lastKnownFileType = sourcecode.swift; path = MovieDetailsViewController.swift; sourceTree = "<group>"; };
		2415826626D4116B00D11676 /* MovieDetailsViewControllerViewModel.swift */ = {isa = PBXFileReference; lastKnownFileType = sourcecode.swift; path = MovieDetailsViewControllerViewModel.swift; sourceTree = "<group>"; };
		2415826926D4184600D11676 /* Routing.swift */ = {isa = PBXFileReference; lastKnownFileType = sourcecode.swift; path = Routing.swift; sourceTree = "<group>"; };
		2415826B26D41BE700D11676 /* HomeViewRouter.swift */ = {isa = PBXFileReference; lastKnownFileType = sourcecode.swift; path = HomeViewRouter.swift; sourceTree = "<group>"; };
		2415826D26D41F2000D11676 /* SearchViewRouter.swift */ = {isa = PBXFileReference; lastKnownFileType = sourcecode.swift; path = SearchViewRouter.swift; sourceTree = "<group>"; };
		2415826F26D41F5F00D11676 /* ProfileViewRouter.swift */ = {isa = PBXFileReference; lastKnownFileType = sourcecode.swift; path = ProfileViewRouter.swift; sourceTree = "<group>"; };
		2415827126D42BC600D11676 /* TitleHeaderCollectionReusableView.swift */ = {isa = PBXFileReference; lastKnownFileType = sourcecode.swift; path = TitleHeaderCollectionReusableView.swift; sourceTree = "<group>"; };
		2422BD6326AF34AF001417F4 /* IMDbApiModule.framework */ = {isa = PBXFileReference; explicitFileType = wrapper.framework; path = IMDbApiModule.framework; sourceTree = BUILT_PRODUCTS_DIR; };
		2422BD6626AF3921001417F4 /* FakeIMDbManager.swift */ = {isa = PBXFileReference; lastKnownFileType = sourcecode.swift; path = FakeIMDbManager.swift; sourceTree = "<group>"; };
		24FDD2CF26AC491D007CE4FD /* SideProjectIMDbApp.app */ = {isa = PBXFileReference; explicitFileType = wrapper.application; includeInIndex = 0; path = SideProjectIMDbApp.app; sourceTree = BUILT_PRODUCTS_DIR; };
		24FDD2D226AC491D007CE4FD /* AppDelegate.swift */ = {isa = PBXFileReference; lastKnownFileType = sourcecode.swift; path = AppDelegate.swift; sourceTree = "<group>"; };
		24FDD2D426AC491D007CE4FD /* SceneDelegate.swift */ = {isa = PBXFileReference; lastKnownFileType = sourcecode.swift; path = SceneDelegate.swift; sourceTree = "<group>"; };
		24FDD2D626AC491D007CE4FD /* HomeViewController.swift */ = {isa = PBXFileReference; lastKnownFileType = sourcecode.swift; path = HomeViewController.swift; sourceTree = "<group>"; };
		24FDD2DB26AC491E007CE4FD /* Assets.xcassets */ = {isa = PBXFileReference; lastKnownFileType = folder.assetcatalog; path = Assets.xcassets; sourceTree = "<group>"; };
		24FDD2DE26AC491E007CE4FD /* Base */ = {isa = PBXFileReference; lastKnownFileType = file.storyboard; name = Base; path = Base.lproj/LaunchScreen.storyboard; sourceTree = "<group>"; };
		24FDD2E026AC491E007CE4FD /* Info.plist */ = {isa = PBXFileReference; lastKnownFileType = text.plist.xml; path = Info.plist; sourceTree = "<group>"; };
		24FDD2E526AC491F007CE4FD /* SideProjectIMDbAppTests.xctest */ = {isa = PBXFileReference; explicitFileType = wrapper.cfbundle; includeInIndex = 0; path = SideProjectIMDbAppTests.xctest; sourceTree = BUILT_PRODUCTS_DIR; };
		24FDD2E926AC491F007CE4FD /* SideProjectIMDbAppTests.swift */ = {isa = PBXFileReference; lastKnownFileType = sourcecode.swift; path = SideProjectIMDbAppTests.swift; sourceTree = "<group>"; };
		24FDD2EB26AC491F007CE4FD /* Info.plist */ = {isa = PBXFileReference; lastKnownFileType = text.plist.xml; path = Info.plist; sourceTree = "<group>"; };
		24FDD2F026AC491F007CE4FD /* SideProjectIMDbAppUITests.xctest */ = {isa = PBXFileReference; explicitFileType = wrapper.cfbundle; includeInIndex = 0; path = SideProjectIMDbAppUITests.xctest; sourceTree = BUILT_PRODUCTS_DIR; };
		24FDD2F426AC491F007CE4FD /* SideProjectIMDbAppUITests.swift */ = {isa = PBXFileReference; lastKnownFileType = sourcecode.swift; path = SideProjectIMDbAppUITests.swift; sourceTree = "<group>"; };
		24FDD2F626AC491F007CE4FD /* Info.plist */ = {isa = PBXFileReference; lastKnownFileType = text.plist.xml; path = Info.plist; sourceTree = "<group>"; };
		5289AE2626CD68D6003E1EC6 /* HomeViewControllerViewModel.swift */ = {isa = PBXFileReference; lastKnownFileType = sourcecode.swift; path = HomeViewControllerViewModel.swift; sourceTree = "<group>"; };
/* End PBXFileReference section */

/* Begin PBXFrameworksBuildPhase section */
		24FDD2CC26AC491D007CE4FD /* Frameworks */ = {
			isa = PBXFrameworksBuildPhase;
			buildActionMask = 2147483647;
			files = (
				2402008E26AD96540034A512 /* NetworkingService.framework in Frameworks */,
				2422BD6426AF34AF001417F4 /* IMDbApiModule.framework in Frameworks */,
			);
			runOnlyForDeploymentPostprocessing = 0;
		};
		24FDD2E226AC491F007CE4FD /* Frameworks */ = {
			isa = PBXFrameworksBuildPhase;
			buildActionMask = 2147483647;
			files = (
			);
			runOnlyForDeploymentPostprocessing = 0;
		};
		24FDD2ED26AC491F007CE4FD /* Frameworks */ = {
			isa = PBXFrameworksBuildPhase;
			buildActionMask = 2147483647;
			files = (
			);
			runOnlyForDeploymentPostprocessing = 0;
		};
/* End PBXFrameworksBuildPhase section */

/* Begin PBXGroup section */
		2402008C26AD96540034A512 /* Frameworks */ = {
			isa = PBXGroup;
			children = (
				2422BD6326AF34AF001417F4 /* IMDbApiModule.framework */,
				2402008D26AD96540034A512 /* NetworkingService.framework */,
			);
			name = Frameworks;
			sourceTree = "<group>";
		};
		2408F64E26CAD58500791DEF /* Main */ = {
			isa = PBXGroup;
			children = (
				2415826826D4180800D11676 /* Routing */,
				2408F65226CAD63C00791DEF /* Common */,
				2408F65126CAD60E00791DEF /* Resources */,
				2408F64F26CAD5C100791DEF /* Scenes */,
				2408F65326CAD67B00791DEF /* IMDbAppDependencies.swift */,
			);
			path = Main;
			sourceTree = "<group>";
		};
		2408F64F26CAD5C100791DEF /* Scenes */ = {
			isa = PBXGroup;
			children = (
				2415826126D40EFB00D11676 /* MovieDetails */,
				2408F65926CAE4AE00791DEF /* Login */,
				2408F65026CAD5D600791DEF /* Home */,
				2408F65A26CAE4B600791DEF /* Search */,
				2408F65B26CAE4CD00791DEF /* Profile */,
			);
			path = Scenes;
			sourceTree = "<group>";
		};
		2408F65026CAD5D600791DEF /* Home */ = {
			isa = PBXGroup;
			children = (
				2408F66726CAF66300791DEF /* ViewModels */,
				2408F66226CAF02D00791DEF /* Views */,
				24FDD2D626AC491D007CE4FD /* HomeViewController.swift */,
			);
			path = Home;
			sourceTree = "<group>";
		};
		2408F65126CAD60E00791DEF /* Resources */ = {
			isa = PBXGroup;
			children = (
				24FDD2DD26AC491E007CE4FD /* LaunchScreen.storyboard */,
				24FDD2DB26AC491E007CE4FD /* Assets.xcassets */,
			);
			path = Resources;
			sourceTree = "<group>";
		};
		2408F65226CAD63C00791DEF /* Common */ = {
			isa = PBXGroup;
			children = (
				2408F65626CADB9D00791DEF /* Extensions */,
				2408F65526CADB9200791DEF /* UI */,
			);
			path = Common;
			sourceTree = "<group>";
		};
		2408F65526CADB9200791DEF /* UI */ = {
			isa = PBXGroup;
			children = (
				2408F65726CADBB700791DEF /* MainTabBarController.swift */,
			);
			path = UI;
			sourceTree = "<group>";
		};
		2408F65626CADB9D00791DEF /* Extensions */ = {
			isa = PBXGroup;
			children = (
				2408F66526CAF1F900791DEF /* Extensions.swift */,
			);
			path = Extensions;
			sourceTree = "<group>";
		};
		2408F65926CAE4AE00791DEF /* Login */ = {
			isa = PBXGroup;
			children = (
				2408F65C26CAE4EA00791DEF /* LoginViewController.swift */,
			);
			path = Login;
			sourceTree = "<group>";
		};
		2408F65A26CAE4B600791DEF /* Search */ = {
			isa = PBXGroup;
			children = (
				2408F65E26CAE4FA00791DEF /* SearchViewController.swift */,
			);
			path = Search;
			sourceTree = "<group>";
		};
		2408F65B26CAE4CD00791DEF /* Profile */ = {
			isa = PBXGroup;
			children = (
				2408F66026CAE51600791DEF /* ProfileViewController.swift */,
			);
			path = Profile;
			sourceTree = "<group>";
		};
		2408F66226CAF02D00791DEF /* Views */ = {
			isa = PBXGroup;
			children = (
				2408F66326CAF05C00791DEF /* MovieCollectionViewCell.swift */,
				2415827126D42BC600D11676 /* TitleHeaderCollectionReusableView.swift */,
			);
			path = Views;
			sourceTree = "<group>";
		};
		2408F66726CAF66300791DEF /* ViewModels */ = {
			isa = PBXGroup;
			children = (
				2408F66826CAF67C00791DEF /* MovieCollectionViewCellViewModel.swift */,
				5289AE2626CD68D6003E1EC6 /* HomeViewControllerViewModel.swift */,
			);
			path = ViewModels;
			sourceTree = "<group>";
		};
		2415826126D40EFB00D11676 /* MovieDetails */ = {
			isa = PBXGroup;
			children = (
				2415826526D4114C00D11676 /* ViewModels */,
				2415826426D4113C00D11676 /* Views */,
				2415826226D40F2100D11676 /* MovieDetailsViewController.swift */,
			);
			path = MovieDetails;
			sourceTree = "<group>";
		};
		2415826426D4113C00D11676 /* Views */ = {
			isa = PBXGroup;
			children = (
			);
			path = Views;
			sourceTree = "<group>";
		};
		2415826526D4114C00D11676 /* ViewModels */ = {
			isa = PBXGroup;
			children = (
				2415826626D4116B00D11676 /* MovieDetailsViewControllerViewModel.swift */,
			);
			path = ViewModels;
			sourceTree = "<group>";
		};
		2415826826D4180800D11676 /* Routing */ = {
			isa = PBXGroup;
			children = (
				2415826926D4184600D11676 /* Routing.swift */,
				2415826B26D41BE700D11676 /* HomeViewRouter.swift */,
				2415826D26D41F2000D11676 /* SearchViewRouter.swift */,
				2415826F26D41F5F00D11676 /* ProfileViewRouter.swift */,
			);
			path = Routing;
			sourceTree = "<group>";
		};
		24FDD2C626AC491D007CE4FD = {
			isa = PBXGroup;
			children = (
				24FDD2D126AC491D007CE4FD /* SideProjectIMDbApp */,
				24FDD2E826AC491F007CE4FD /* SideProjectIMDbAppTests */,
				24FDD2F326AC491F007CE4FD /* SideProjectIMDbAppUITests */,
				24FDD2D026AC491D007CE4FD /* Products */,
				2402008C26AD96540034A512 /* Frameworks */,
			);
			sourceTree = "<group>";
		};
		24FDD2D026AC491D007CE4FD /* Products */ = {
			isa = PBXGroup;
			children = (
				24FDD2CF26AC491D007CE4FD /* SideProjectIMDbApp.app */,
				24FDD2E526AC491F007CE4FD /* SideProjectIMDbAppTests.xctest */,
				24FDD2F026AC491F007CE4FD /* SideProjectIMDbAppUITests.xctest */,
			);
			name = Products;
			sourceTree = "<group>";
		};
		24FDD2D126AC491D007CE4FD /* SideProjectIMDbApp */ = {
			isa = PBXGroup;
			children = (
				2408F64E26CAD58500791DEF /* Main */,
				24FDD2D226AC491D007CE4FD /* AppDelegate.swift */,
				24FDD2D426AC491D007CE4FD /* SceneDelegate.swift */,
				24FDD2E026AC491E007CE4FD /* Info.plist */,
			);
			path = SideProjectIMDbApp;
			sourceTree = "<group>";
		};
		24FDD2E826AC491F007CE4FD /* SideProjectIMDbAppTests */ = {
			isa = PBXGroup;
			children = (
				24FDD2E926AC491F007CE4FD /* SideProjectIMDbAppTests.swift */,
				24FDD2EB26AC491F007CE4FD /* Info.plist */,
				2422BD6626AF3921001417F4 /* FakeIMDbManager.swift */,
			);
			path = SideProjectIMDbAppTests;
			sourceTree = "<group>";
		};
		24FDD2F326AC491F007CE4FD /* SideProjectIMDbAppUITests */ = {
			isa = PBXGroup;
			children = (
				24FDD2F426AC491F007CE4FD /* SideProjectIMDbAppUITests.swift */,
				24FDD2F626AC491F007CE4FD /* Info.plist */,
			);
			path = SideProjectIMDbAppUITests;
			sourceTree = "<group>";
		};
/* End PBXGroup section */

/* Begin PBXNativeTarget section */
		24FDD2CE26AC491D007CE4FD /* SideProjectIMDbApp */ = {
			isa = PBXNativeTarget;
			buildConfigurationList = 24FDD2F926AC491F007CE4FD /* Build configuration list for PBXNativeTarget "SideProjectIMDbApp" */;
			buildPhases = (
				24FDD2CB26AC491D007CE4FD /* Sources */,
				24FDD2CC26AC491D007CE4FD /* Frameworks */,
				24FDD2CD26AC491D007CE4FD /* Resources */,
				2402009026AD96540034A512 /* Embed Frameworks */,
			);
			buildRules = (
			);
			dependencies = (
			);
			name = SideProjectIMDbApp;
			productName = SideProjectIMDbApp;
			productReference = 24FDD2CF26AC491D007CE4FD /* SideProjectIMDbApp.app */;
			productType = "com.apple.product-type.application";
		};
		24FDD2E426AC491F007CE4FD /* SideProjectIMDbAppTests */ = {
			isa = PBXNativeTarget;
			buildConfigurationList = 24FDD2FC26AC491F007CE4FD /* Build configuration list for PBXNativeTarget "SideProjectIMDbAppTests" */;
			buildPhases = (
				24FDD2E126AC491F007CE4FD /* Sources */,
				24FDD2E226AC491F007CE4FD /* Frameworks */,
				24FDD2E326AC491F007CE4FD /* Resources */,
			);
			buildRules = (
			);
			dependencies = (
				24FDD2E726AC491F007CE4FD /* PBXTargetDependency */,
			);
			name = SideProjectIMDbAppTests;
			productName = SideProjectIMDbAppTests;
			productReference = 24FDD2E526AC491F007CE4FD /* SideProjectIMDbAppTests.xctest */;
			productType = "com.apple.product-type.bundle.unit-test";
		};
		24FDD2EF26AC491F007CE4FD /* SideProjectIMDbAppUITests */ = {
			isa = PBXNativeTarget;
			buildConfigurationList = 24FDD2FF26AC491F007CE4FD /* Build configuration list for PBXNativeTarget "SideProjectIMDbAppUITests" */;
			buildPhases = (
				24FDD2EC26AC491F007CE4FD /* Sources */,
				24FDD2ED26AC491F007CE4FD /* Frameworks */,
				24FDD2EE26AC491F007CE4FD /* Resources */,
			);
			buildRules = (
			);
			dependencies = (
				24FDD2F226AC491F007CE4FD /* PBXTargetDependency */,
			);
			name = SideProjectIMDbAppUITests;
			productName = SideProjectIMDbAppUITests;
			productReference = 24FDD2F026AC491F007CE4FD /* SideProjectIMDbAppUITests.xctest */;
			productType = "com.apple.product-type.bundle.ui-testing";
		};
/* End PBXNativeTarget section */

/* Begin PBXProject section */
		24FDD2C726AC491D007CE4FD /* Project object */ = {
			isa = PBXProject;
			attributes = {
				LastSwiftUpdateCheck = 1250;
				LastUpgradeCheck = 1250;
				TargetAttributes = {
					24FDD2CE26AC491D007CE4FD = {
						CreatedOnToolsVersion = 12.5;
					};
					24FDD2E426AC491F007CE4FD = {
						CreatedOnToolsVersion = 12.5;
						TestTargetID = 24FDD2CE26AC491D007CE4FD;
					};
					24FDD2EF26AC491F007CE4FD = {
						CreatedOnToolsVersion = 12.5;
						TestTargetID = 24FDD2CE26AC491D007CE4FD;
					};
				};
			};
			buildConfigurationList = 24FDD2CA26AC491D007CE4FD /* Build configuration list for PBXProject "SideProjectIMDbApp" */;
			compatibilityVersion = "Xcode 9.3";
			developmentRegion = en;
			hasScannedForEncodings = 0;
			knownRegions = (
				en,
				Base,
			);
			mainGroup = 24FDD2C626AC491D007CE4FD;
			productRefGroup = 24FDD2D026AC491D007CE4FD /* Products */;
			projectDirPath = "";
			projectRoot = "";
			targets = (
				24FDD2CE26AC491D007CE4FD /* SideProjectIMDbApp */,
				24FDD2E426AC491F007CE4FD /* SideProjectIMDbAppTests */,
				24FDD2EF26AC491F007CE4FD /* SideProjectIMDbAppUITests */,
			);
		};
/* End PBXProject section */

/* Begin PBXResourcesBuildPhase section */
		24FDD2CD26AC491D007CE4FD /* Resources */ = {
			isa = PBXResourcesBuildPhase;
			buildActionMask = 2147483647;
			files = (
				24FDD2DF26AC491E007CE4FD /* LaunchScreen.storyboard in Resources */,
				24FDD2DC26AC491E007CE4FD /* Assets.xcassets in Resources */,
			);
			runOnlyForDeploymentPostprocessing = 0;
		};
		24FDD2E326AC491F007CE4FD /* Resources */ = {
			isa = PBXResourcesBuildPhase;
			buildActionMask = 2147483647;
			files = (
			);
			runOnlyForDeploymentPostprocessing = 0;
		};
		24FDD2EE26AC491F007CE4FD /* Resources */ = {
			isa = PBXResourcesBuildPhase;
			buildActionMask = 2147483647;
			files = (
			);
			runOnlyForDeploymentPostprocessing = 0;
		};
/* End PBXResourcesBuildPhase section */

/* Begin PBXSourcesBuildPhase section */
		24FDD2CB26AC491D007CE4FD /* Sources */ = {
			isa = PBXSourcesBuildPhase;
			buildActionMask = 2147483647;
			files = (
				2408F65D26CAE4EA00791DEF /* LoginViewController.swift in Sources */,
				2415826E26D41F2000D11676 /* SearchViewRouter.swift in Sources */,
				2408F65426CAD67B00791DEF /* IMDbAppDependencies.swift in Sources */,
				2415826326D40F2100D11676 /* MovieDetailsViewController.swift in Sources */,
				24FDD2D726AC491D007CE4FD /* HomeViewController.swift in Sources */,
				2415826C26D41BE700D11676 /* HomeViewRouter.swift in Sources */,
				2415827226D42BC600D11676 /* TitleHeaderCollectionReusableView.swift in Sources */,
				2408F65F26CAE4FA00791DEF /* SearchViewController.swift in Sources */,
				2415826A26D4184600D11676 /* Routing.swift in Sources */,
				2408F65826CADBB700791DEF /* MainTabBarController.swift in Sources */,
				2408F66626CAF1F900791DEF /* Extensions.swift in Sources */,
				24FDD2D326AC491D007CE4FD /* AppDelegate.swift in Sources */,
				2408F66426CAF05C00791DEF /* MovieCollectionViewCell.swift in Sources */,
				2415826726D4116B00D11676 /* MovieDetailsViewControllerViewModel.swift in Sources */,
				2408F66126CAE51600791DEF /* ProfileViewController.swift in Sources */,
				2408F66926CAF67C00791DEF /* MovieCollectionViewCellViewModel.swift in Sources */,
				24FDD2D526AC491D007CE4FD /* SceneDelegate.swift in Sources */,
				5289AE2726CD68D6003E1EC6 /* HomeViewControllerViewModel.swift in Sources */,
				2415827026D41F5F00D11676 /* ProfileViewRouter.swift in Sources */,
			);
			runOnlyForDeploymentPostprocessing = 0;
		};
		24FDD2E126AC491F007CE4FD /* Sources */ = {
			isa = PBXSourcesBuildPhase;
			buildActionMask = 2147483647;
			files = (
				2422BD6726AF3921001417F4 /* FakeIMDbManager.swift in Sources */,
				24FDD2EA26AC491F007CE4FD /* SideProjectIMDbAppTests.swift in Sources */,
			);
			runOnlyForDeploymentPostprocessing = 0;
		};
		24FDD2EC26AC491F007CE4FD /* Sources */ = {
			isa = PBXSourcesBuildPhase;
			buildActionMask = 2147483647;
			files = (
				24FDD2F526AC491F007CE4FD /* SideProjectIMDbAppUITests.swift in Sources */,
			);
			runOnlyForDeploymentPostprocessing = 0;
		};
/* End PBXSourcesBuildPhase section */

/* Begin PBXTargetDependency section */
		24FDD2E726AC491F007CE4FD /* PBXTargetDependency */ = {
			isa = PBXTargetDependency;
			target = 24FDD2CE26AC491D007CE4FD /* SideProjectIMDbApp */;
			targetProxy = 24FDD2E626AC491F007CE4FD /* PBXContainerItemProxy */;
		};
		24FDD2F226AC491F007CE4FD /* PBXTargetDependency */ = {
			isa = PBXTargetDependency;
			target = 24FDD2CE26AC491D007CE4FD /* SideProjectIMDbApp */;
			targetProxy = 24FDD2F126AC491F007CE4FD /* PBXContainerItemProxy */;
		};
/* End PBXTargetDependency section */

/* Begin PBXVariantGroup section */
		24FDD2DD26AC491E007CE4FD /* LaunchScreen.storyboard */ = {
			isa = PBXVariantGroup;
			children = (
				24FDD2DE26AC491E007CE4FD /* Base */,
			);
			name = LaunchScreen.storyboard;
			sourceTree = "<group>";
		};
/* End PBXVariantGroup section */

/* Begin XCBuildConfiguration section */
		24FDD2F726AC491F007CE4FD /* Debug */ = {
			isa = XCBuildConfiguration;
			buildSettings = {
				ALWAYS_SEARCH_USER_PATHS = NO;
				CLANG_ANALYZER_NONNULL = YES;
				CLANG_ANALYZER_NUMBER_OBJECT_CONVERSION = YES_AGGRESSIVE;
				CLANG_CXX_LANGUAGE_STANDARD = "gnu++14";
				CLANG_CXX_LIBRARY = "libc++";
				CLANG_ENABLE_MODULES = YES;
				CLANG_ENABLE_OBJC_ARC = YES;
				CLANG_ENABLE_OBJC_WEAK = YES;
				CLANG_WARN_BLOCK_CAPTURE_AUTORELEASING = YES;
				CLANG_WARN_BOOL_CONVERSION = YES;
				CLANG_WARN_COMMA = YES;
				CLANG_WARN_CONSTANT_CONVERSION = YES;
				CLANG_WARN_DEPRECATED_OBJC_IMPLEMENTATIONS = YES;
				CLANG_WARN_DIRECT_OBJC_ISA_USAGE = YES_ERROR;
				CLANG_WARN_DOCUMENTATION_COMMENTS = YES;
				CLANG_WARN_EMPTY_BODY = YES;
				CLANG_WARN_ENUM_CONVERSION = YES;
				CLANG_WARN_INFINITE_RECURSION = YES;
				CLANG_WARN_INT_CONVERSION = YES;
				CLANG_WARN_NON_LITERAL_NULL_CONVERSION = YES;
				CLANG_WARN_OBJC_IMPLICIT_RETAIN_SELF = YES;
				CLANG_WARN_OBJC_LITERAL_CONVERSION = YES;
				CLANG_WARN_OBJC_ROOT_CLASS = YES_ERROR;
				CLANG_WARN_QUOTED_INCLUDE_IN_FRAMEWORK_HEADER = YES;
				CLANG_WARN_RANGE_LOOP_ANALYSIS = YES;
				CLANG_WARN_STRICT_PROTOTYPES = YES;
				CLANG_WARN_SUSPICIOUS_MOVE = YES;
				CLANG_WARN_UNGUARDED_AVAILABILITY = YES_AGGRESSIVE;
				CLANG_WARN_UNREACHABLE_CODE = YES;
				CLANG_WARN__DUPLICATE_METHOD_MATCH = YES;
				COPY_PHASE_STRIP = NO;
				DEBUG_INFORMATION_FORMAT = dwarf;
				ENABLE_STRICT_OBJC_MSGSEND = YES;
				ENABLE_TESTABILITY = YES;
				GCC_C_LANGUAGE_STANDARD = gnu11;
				GCC_DYNAMIC_NO_PIC = NO;
				GCC_NO_COMMON_BLOCKS = YES;
				GCC_OPTIMIZATION_LEVEL = 0;
				GCC_PREPROCESSOR_DEFINITIONS = (
					"DEBUG=1",
					"$(inherited)",
				);
				GCC_WARN_64_TO_32_BIT_CONVERSION = YES;
				GCC_WARN_ABOUT_RETURN_TYPE = YES_ERROR;
				GCC_WARN_UNDECLARED_SELECTOR = YES;
				GCC_WARN_UNINITIALIZED_AUTOS = YES_AGGRESSIVE;
				GCC_WARN_UNUSED_FUNCTION = YES;
				GCC_WARN_UNUSED_VARIABLE = YES;
				IPHONEOS_DEPLOYMENT_TARGET = 14.5;
				MTL_ENABLE_DEBUG_INFO = INCLUDE_SOURCE;
				MTL_FAST_MATH = YES;
				ONLY_ACTIVE_ARCH = YES;
				SDKROOT = iphoneos;
				SWIFT_ACTIVE_COMPILATION_CONDITIONS = DEBUG;
				SWIFT_OPTIMIZATION_LEVEL = "-Onone";
			};
			name = Debug;
		};
		24FDD2F826AC491F007CE4FD /* Release */ = {
			isa = XCBuildConfiguration;
			buildSettings = {
				ALWAYS_SEARCH_USER_PATHS = NO;
				CLANG_ANALYZER_NONNULL = YES;
				CLANG_ANALYZER_NUMBER_OBJECT_CONVERSION = YES_AGGRESSIVE;
				CLANG_CXX_LANGUAGE_STANDARD = "gnu++14";
				CLANG_CXX_LIBRARY = "libc++";
				CLANG_ENABLE_MODULES = YES;
				CLANG_ENABLE_OBJC_ARC = YES;
				CLANG_ENABLE_OBJC_WEAK = YES;
				CLANG_WARN_BLOCK_CAPTURE_AUTORELEASING = YES;
				CLANG_WARN_BOOL_CONVERSION = YES;
				CLANG_WARN_COMMA = YES;
				CLANG_WARN_CONSTANT_CONVERSION = YES;
				CLANG_WARN_DEPRECATED_OBJC_IMPLEMENTATIONS = YES;
				CLANG_WARN_DIRECT_OBJC_ISA_USAGE = YES_ERROR;
				CLANG_WARN_DOCUMENTATION_COMMENTS = YES;
				CLANG_WARN_EMPTY_BODY = YES;
				CLANG_WARN_ENUM_CONVERSION = YES;
				CLANG_WARN_INFINITE_RECURSION = YES;
				CLANG_WARN_INT_CONVERSION = YES;
				CLANG_WARN_NON_LITERAL_NULL_CONVERSION = YES;
				CLANG_WARN_OBJC_IMPLICIT_RETAIN_SELF = YES;
				CLANG_WARN_OBJC_LITERAL_CONVERSION = YES;
				CLANG_WARN_OBJC_ROOT_CLASS = YES_ERROR;
				CLANG_WARN_QUOTED_INCLUDE_IN_FRAMEWORK_HEADER = YES;
				CLANG_WARN_RANGE_LOOP_ANALYSIS = YES;
				CLANG_WARN_STRICT_PROTOTYPES = YES;
				CLANG_WARN_SUSPICIOUS_MOVE = YES;
				CLANG_WARN_UNGUARDED_AVAILABILITY = YES_AGGRESSIVE;
				CLANG_WARN_UNREACHABLE_CODE = YES;
				CLANG_WARN__DUPLICATE_METHOD_MATCH = YES;
				COPY_PHASE_STRIP = NO;
				DEBUG_INFORMATION_FORMAT = "dwarf-with-dsym";
				ENABLE_NS_ASSERTIONS = NO;
				ENABLE_STRICT_OBJC_MSGSEND = YES;
				GCC_C_LANGUAGE_STANDARD = gnu11;
				GCC_NO_COMMON_BLOCKS = YES;
				GCC_WARN_64_TO_32_BIT_CONVERSION = YES;
				GCC_WARN_ABOUT_RETURN_TYPE = YES_ERROR;
				GCC_WARN_UNDECLARED_SELECTOR = YES;
				GCC_WARN_UNINITIALIZED_AUTOS = YES_AGGRESSIVE;
				GCC_WARN_UNUSED_FUNCTION = YES;
				GCC_WARN_UNUSED_VARIABLE = YES;
				IPHONEOS_DEPLOYMENT_TARGET = 14.5;
				MTL_ENABLE_DEBUG_INFO = NO;
				MTL_FAST_MATH = YES;
				SDKROOT = iphoneos;
				SWIFT_COMPILATION_MODE = wholemodule;
				SWIFT_OPTIMIZATION_LEVEL = "-O";
				VALIDATE_PRODUCT = YES;
			};
			name = Release;
		};
		24FDD2FA26AC491F007CE4FD /* Debug */ = {
			isa = XCBuildConfiguration;
			buildSettings = {
				ASSETCATALOG_COMPILER_APPICON_NAME = AppIcon;
				ASSETCATALOG_COMPILER_GLOBAL_ACCENT_COLOR_NAME = AccentColor;
				CODE_SIGN_STYLE = Automatic;
				INFOPLIST_FILE = SideProjectIMDbApp/Info.plist;
				IPHONEOS_DEPLOYMENT_TARGET = 13.0;
				LD_RUNPATH_SEARCH_PATHS = (
					"$(inherited)",
					"@executable_path/Frameworks",
				);
				PRODUCT_BUNDLE_IDENTIFIER = de.test.SideProjectIMDbApp;
				PRODUCT_NAME = "$(TARGET_NAME)";
				SWIFT_VERSION = 5.0;
				TARGETED_DEVICE_FAMILY = "1,2";
			};
			name = Debug;
		};
		24FDD2FB26AC491F007CE4FD /* Release */ = {
			isa = XCBuildConfiguration;
			buildSettings = {
				ASSETCATALOG_COMPILER_APPICON_NAME = AppIcon;
				ASSETCATALOG_COMPILER_GLOBAL_ACCENT_COLOR_NAME = AccentColor;
				CODE_SIGN_STYLE = Automatic;
				INFOPLIST_FILE = SideProjectIMDbApp/Info.plist;
				IPHONEOS_DEPLOYMENT_TARGET = 13.0;
				LD_RUNPATH_SEARCH_PATHS = (
					"$(inherited)",
					"@executable_path/Frameworks",
				);
				PRODUCT_BUNDLE_IDENTIFIER = de.test.SideProjectIMDbApp;
				PRODUCT_NAME = "$(TARGET_NAME)";
				SWIFT_VERSION = 5.0;
				TARGETED_DEVICE_FAMILY = "1,2";
			};
			name = Release;
		};
		24FDD2FD26AC491F007CE4FD /* Debug */ = {
			isa = XCBuildConfiguration;
			buildSettings = {
				ALWAYS_EMBED_SWIFT_STANDARD_LIBRARIES = YES;
				BUNDLE_LOADER = "$(TEST_HOST)";
				CODE_SIGN_STYLE = Automatic;
				INFOPLIST_FILE = SideProjectIMDbAppTests/Info.plist;
				IPHONEOS_DEPLOYMENT_TARGET = 14.5;
				LD_RUNPATH_SEARCH_PATHS = (
					"$(inherited)",
					"@executable_path/Frameworks",
					"@loader_path/Frameworks",
				);
				PRODUCT_BUNDLE_IDENTIFIER = de.test.SideProjectIMDbAppTests;
				PRODUCT_NAME = "$(TARGET_NAME)";
				SWIFT_VERSION = 5.0;
				TARGETED_DEVICE_FAMILY = "1,2";
				TEST_HOST = "$(BUILT_PRODUCTS_DIR)/SideProjectIMDbApp.app/SideProjectIMDbApp";
			};
			name = Debug;
		};
		24FDD2FE26AC491F007CE4FD /* Release */ = {
			isa = XCBuildConfiguration;
			buildSettings = {
				ALWAYS_EMBED_SWIFT_STANDARD_LIBRARIES = YES;
				BUNDLE_LOADER = "$(TEST_HOST)";
				CODE_SIGN_STYLE = Automatic;
				INFOPLIST_FILE = SideProjectIMDbAppTests/Info.plist;
				IPHONEOS_DEPLOYMENT_TARGET = 14.5;
				LD_RUNPATH_SEARCH_PATHS = (
					"$(inherited)",
					"@executable_path/Frameworks",
					"@loader_path/Frameworks",
				);
				PRODUCT_BUNDLE_IDENTIFIER = de.test.SideProjectIMDbAppTests;
				PRODUCT_NAME = "$(TARGET_NAME)";
				SWIFT_VERSION = 5.0;
				TARGETED_DEVICE_FAMILY = "1,2";
				TEST_HOST = "$(BUILT_PRODUCTS_DIR)/SideProjectIMDbApp.app/SideProjectIMDbApp";
			};
			name = Release;
		};
		24FDD30026AC491F007CE4FD /* Debug */ = {
			isa = XCBuildConfiguration;
			buildSettings = {
				ALWAYS_EMBED_SWIFT_STANDARD_LIBRARIES = YES;
				CODE_SIGN_STYLE = Automatic;
				INFOPLIST_FILE = SideProjectIMDbAppUITests/Info.plist;
				LD_RUNPATH_SEARCH_PATHS = (
					"$(inherited)",
					"@executable_path/Frameworks",
					"@loader_path/Frameworks",
				);
				PRODUCT_BUNDLE_IDENTIFIER = de.test.SideProjectIMDbAppUITests;
				PRODUCT_NAME = "$(TARGET_NAME)";
				SWIFT_VERSION = 5.0;
				TARGETED_DEVICE_FAMILY = "1,2";
				TEST_TARGET_NAME = SideProjectIMDbApp;
			};
			name = Debug;
		};
		24FDD30126AC491F007CE4FD /* Release */ = {
			isa = XCBuildConfiguration;
			buildSettings = {
				ALWAYS_EMBED_SWIFT_STANDARD_LIBRARIES = YES;
				CODE_SIGN_STYLE = Automatic;
				INFOPLIST_FILE = SideProjectIMDbAppUITests/Info.plist;
				LD_RUNPATH_SEARCH_PATHS = (
					"$(inherited)",
					"@executable_path/Frameworks",
					"@loader_path/Frameworks",
				);
				PRODUCT_BUNDLE_IDENTIFIER = de.test.SideProjectIMDbAppUITests;
				PRODUCT_NAME = "$(TARGET_NAME)";
				SWIFT_VERSION = 5.0;
				TARGETED_DEVICE_FAMILY = "1,2";
				TEST_TARGET_NAME = SideProjectIMDbApp;
			};
			name = Release;
		};
/* End XCBuildConfiguration section */

/* Begin XCConfigurationList section */
		24FDD2CA26AC491D007CE4FD /* Build configuration list for PBXProject "SideProjectIMDbApp" */ = {
			isa = XCConfigurationList;
			buildConfigurations = (
				24FDD2F726AC491F007CE4FD /* Debug */,
				24FDD2F826AC491F007CE4FD /* Release */,
			);
			defaultConfigurationIsVisible = 0;
			defaultConfigurationName = Release;
		};
		24FDD2F926AC491F007CE4FD /* Build configuration list for PBXNativeTarget "SideProjectIMDbApp" */ = {
			isa = XCConfigurationList;
			buildConfigurations = (
				24FDD2FA26AC491F007CE4FD /* Debug */,
				24FDD2FB26AC491F007CE4FD /* Release */,
			);
			defaultConfigurationIsVisible = 0;
			defaultConfigurationName = Release;
		};
		24FDD2FC26AC491F007CE4FD /* Build configuration list for PBXNativeTarget "SideProjectIMDbAppTests" */ = {
			isa = XCConfigurationList;
			buildConfigurations = (
				24FDD2FD26AC491F007CE4FD /* Debug */,
				24FDD2FE26AC491F007CE4FD /* Release */,
			);
			defaultConfigurationIsVisible = 0;
			defaultConfigurationName = Release;
		};
		24FDD2FF26AC491F007CE4FD /* Build configuration list for PBXNativeTarget "SideProjectIMDbAppUITests" */ = {
			isa = XCConfigurationList;
			buildConfigurations = (
				24FDD30026AC491F007CE4FD /* Debug */,
				24FDD30126AC491F007CE4FD /* Release */,
			);
			defaultConfigurationIsVisible = 0;
			defaultConfigurationName = Release;
		};
/* End XCConfigurationList section */
	};
	rootObject = 24FDD2C726AC491D007CE4FD /* Project object */;
}
